
Microsoft Visual Studio Solution File, Format Version 12.00
# Visual Studio Version 17
VisualStudioVersion = 17.10.34928.147
MinimumVisualStudioVersion = 10.0.40219.1
Project("{9A19103F-16F7-4668-BE54-9A1E7A4F7556}") = "SeaBot", "SeaBot\SeaBot.csproj", "{3FCD4555-AA22-40D0-8790-596AD7A264CE}"
EndProject
Project("{FAE04EC0-301F-11D3-BF4B-00C04F79EFBC}") = "SongBaseGenerator", "SongBaseGenerator\SongBaseGenerator.csproj", "{473DD07B-215D-4FA4-B9A4-9602BC0B87CA}"
EndProject
Project("{FAE04EC0-301F-11D3-BF4B-00C04F79EFBC}") = "Lagrange.Core", "..\Lagrange\Lagrange.Core\Lagrange.Core.csproj", "{CC991925-8702-47E7-8036-97F89409673B}"
EndProject
Global
	GlobalSection(SolutionConfigurationPlatforms) = preSolution
		Debug|Any CPU = Debug|Any CPU
		Release|Any CPU = Release|Any CPU
	EndGlobalSection
	GlobalSection(ProjectConfigurationPlatforms) = postSolution
		{3FCD4555-AA22-40D0-8790-596AD7A264CE}.Debug|Any CPU.ActiveCfg = Debug|Any CPU
		{3FCD4555-AA22-40D0-8790-596AD7A264CE}.Debug|Any CPU.Build.0 = Debug|Any CPU
		{3FCD4555-AA22-40D0-8790-596AD7A264CE}.Release|Any CPU.ActiveCfg = Release|Any CPU
		{3FCD4555-AA22-40D0-8790-596AD7A264CE}.Release|Any CPU.Build.0 = Release|Any CPU
		{473DD07B-215D-4FA4-B9A4-9602BC0B87CA}.Debug|Any CPU.ActiveCfg = Debug|Any CPU
		{473DD07B-215D-4FA4-B9A4-9602BC0B87CA}.Debug|Any CPU.Build.0 = Debug|Any CPU
		{473DD07B-215D-4FA4-B9A4-9602BC0B87CA}.Release|Any CPU.ActiveCfg = Release|Any CPU
		{473DD07B-215D-4FA4-B9A4-9602BC0B87CA}.Release|Any CPU.Build.0 = Release|Any CPU
		{CC991925-8702-47E7-8036-97F89409673B}.Debug|Any CPU.ActiveCfg = Debug|Any CPU
		{CC991925-8702-47E7-8036-97F89409673B}.Debug|Any CPU.Build.0 = Debug|Any CPU
		{CC991925-8702-47E7-8036-97F89409673B}.Release|Any CPU.ActiveCfg = Release|Any CPU
		{CC991925-8702-47E7-8036-97F89409673B}.Release|Any CPU.Build.0 = Release|Any CPU
	EndGlobalSection
	GlobalSection(SolutionProperties) = preSolution
		HideSolutionNode = FALSE
	EndGlobalSection
	GlobalSection(ExtensibilityGlobals) = postSolution
		SolutionGuid = {B0E572E7-3409-4685-A72A-EF7F94A24913}
	EndGlobalSection
EndGlobal
